
Microsoft Visual Studio Solution File, Format Version 12.00
# Visual Studio Version 17
VisualStudioVersion = 17.7.34221.43
MinimumVisualStudioVersion = 10.0.40219.1
Project("{9A19103F-16F7-4668-BE54-9A1E7A4F7556}") = "ChicTrio", "ChicTrio.csproj", "{F7932AF0-DBCC-4ECB-8D2E-149798542B50}"
EndProject
Project("{FAE04EC0-301F-11D3-BF4B-00C04F79EFBC}") = "TestProject1", "..\TestProject1\TestProject1.csproj", "{5FF4BE6E-3787-4622-8342-CAB218F2881C}"
EndProject
Global
	GlobalSection(SolutionConfigurationPlatforms) = preSolution
		Debug|Any CPU = Debug|Any CPU
		Release|Any CPU = Release|Any CPU
	EndGlobalSection
	GlobalSection(ProjectConfigurationPlatforms) = postSolution
		{F7932AF0-DBCC-4ECB-8D2E-149798542B50}.Debug|Any CPU.ActiveCfg = Debug|Any CPU
		{F7932AF0-DBCC-4ECB-8D2E-149798542B50}.Debug|Any CPU.Build.0 = Debug|Any CPU
		{F7932AF0-DBCC-4ECB-8D2E-149798542B50}.Release|Any CPU.ActiveCfg = Release|Any CPU
		{F7932AF0-DBCC-4ECB-8D2E-149798542B50}.Release|Any CPU.Build.0 = Release|Any CPU
		{5FF4BE6E-3787-4622-8342-CAB218F2881C}.Debug|Any CPU.ActiveCfg = Debug|Any CPU
		{5FF4BE6E-3787-4622-8342-CAB218F2881C}.Debug|Any CPU.Build.0 = Debug|Any CPU
		{5FF4BE6E-3787-4622-8342-CAB218F2881C}.Release|Any CPU.ActiveCfg = Release|Any CPU
		{5FF4BE6E-3787-4622-8342-CAB218F2881C}.Release|Any CPU.Build.0 = Release|Any CPU
	EndGlobalSection
	GlobalSection(SolutionProperties) = preSolution
		HideSolutionNode = FALSE
	EndGlobalSection
	GlobalSection(ExtensibilityGlobals) = postSolution
		SolutionGuid = {2CDB08FD-6DD5-4A47-AC0D-F7FA7244C665}
	EndGlobalSection
EndGlobal
